
Microsoft Visual Studio Solution File, Format Version 12.00
# Visual Studio Version 16
VisualStudioVersion = 16.0.31019.35
MinimumVisualStudioVersion = 10.0.40219.1
Project("{FAE04EC0-301F-11D3-BF4B-00C04F79EFBC}") = "Tugas Praktikum Modul 2", "Tugas Praktikum Modul 2\Tugas Praktikum Modul 2.csproj", "{FC158AE4-40C5-45C3-A161-56418C8FDBF1}"
EndProject
Global
	GlobalSection(SolutionConfigurationPlatforms) = preSolution
		Debug|Any CPU = Debug|Any CPU
		Release|Any CPU = Release|Any CPU
	EndGlobalSection
	GlobalSection(ProjectConfigurationPlatforms) = postSolution
		{FC158AE4-40C5-45C3-A161-56418C8FDBF1}.Debug|Any CPU.ActiveCfg = Debug|Any CPU
		{FC158AE4-40C5-45C3-A161-56418C8FDBF1}.Debug|Any CPU.Build.0 = Debug|Any CPU
		{FC158AE4-40C5-45C3-A161-56418C8FDBF1}.Release|Any CPU.ActiveCfg = Release|Any CPU
		{FC158AE4-40C5-45C3-A161-56418C8FDBF1}.Release|Any CPU.Build.0 = Release|Any CPU
	EndGlobalSection
	GlobalSection(SolutionProperties) = preSolution
		HideSolutionNode = FALSE
	EndGlobalSection
	GlobalSection(ExtensibilityGlobals) = postSolution
		SolutionGuid = {73C7C4B7-FFD6-4102-B94F-105AF24F4B06}
	EndGlobalSection
EndGlobal
